
Microsoft Visual Studio Solution File, Format Version 12.00
# Visual Studio Version 16
VisualStudioVersion = 16.0.30104.148
MinimumVisualStudioVersion = 10.0.40219.1
Project("{FAE04EC0-301F-11D3-BF4B-00C04F79EFBC}") = "SCIEXTestAutomation", "SCIEXTestAutomation\SCIEXTestAutomation.csproj", "{3821A2FD-2E2F-45D3-A86E-95DB8E014D98}"
EndProject
Global
	GlobalSection(SolutionConfigurationPlatforms) = preSolution
		Debug|Any CPU = Debug|Any CPU
		Release|Any CPU = Release|Any CPU
	EndGlobalSection
	GlobalSection(ProjectConfigurationPlatforms) = postSolution
		{3821A2FD-2E2F-45D3-A86E-95DB8E014D98}.Debug|Any CPU.ActiveCfg = Debug|Any CPU
		{3821A2FD-2E2F-45D3-A86E-95DB8E014D98}.Debug|Any CPU.Build.0 = Debug|Any CPU
		{3821A2FD-2E2F-45D3-A86E-95DB8E014D98}.Release|Any CPU.ActiveCfg = Release|Any CPU
		{3821A2FD-2E2F-45D3-A86E-95DB8E014D98}.Release|Any CPU.Build.0 = Release|Any CPU
	EndGlobalSection
	GlobalSection(SolutionProperties) = preSolution
		HideSolutionNode = FALSE
	EndGlobalSection
	GlobalSection(ExtensibilityGlobals) = postSolution
		SolutionGuid = {28338B46-69BE-4546-B554-7FC10C2D7A24}
	EndGlobalSection
EndGlobal
